
Microsoft Visual Studio Solution File, Format Version 12.00
Project("{FAE04EC0-301F-11D3-BF4B-00C04F79EFBC}") = "Que. 2", "Que. 2\Que. 2.csproj", "{89F59008-BDCB-47E0-94FA-5EBD9DD6386F}"
EndProject
Global
	GlobalSection(SolutionConfigurationPlatforms) = preSolution
		Debug|Any CPU = Debug|Any CPU
		Release|Any CPU = Release|Any CPU
	EndGlobalSection
	GlobalSection(ProjectConfigurationPlatforms) = postSolution
		{89F59008-BDCB-47E0-94FA-5EBD9DD6386F}.Debug|Any CPU.ActiveCfg = Debug|Any CPU
		{89F59008-BDCB-47E0-94FA-5EBD9DD6386F}.Debug|Any CPU.Build.0 = Debug|Any CPU
		{89F59008-BDCB-47E0-94FA-5EBD9DD6386F}.Release|Any CPU.ActiveCfg = Release|Any CPU
		{89F59008-BDCB-47E0-94FA-5EBD9DD6386F}.Release|Any CPU.Build.0 = Release|Any CPU
	EndGlobalSection
EndGlobal
